{
    "_meta": {
        "hash": {
            "sha256": "6a66649a0bd96ad941c599e0b376cdbaeeb9ed2725b5fa541238a5946bdc47ad"
        },
        "pipfile-spec": 6,
        "requires": {},
        "sources": [
            {
                "name": "pypi",
                "url": "https://pypi.org/simple",
                "verify_ssl": true
            }
        ]
    },
    "default": {
        "anyio": {
            "hashes": [
                "sha256:44a3c9aba0f5defa43261a8b3efb97891f2bd7d804e0e1f56419befa1adfc780",
                "sha256:91dee416e570e92c64041bd18b900d1d6fa78dff7048769ce5ac5ddad004fbb5"
            ],
            "markers": "python_version >= '3.7'",
            "version": "==3.7.1"
        },
        "apscheduler": {
            "hashes": [
                "sha256:0293937d8f6051a0f493359440c1a1b93e882c57daf0197afeff0e727777b96e",
                "sha256:e813ad5ada7aff36fb08cdda746b520531eaac7757832abc204868ba78e0c8f6"
            ],
            "index": "pypi",
            "version": "==3.10.1"
        },
        "cachetools": {
            "hashes": [
                "sha256:95ef631eeaea14ba2e36f06437f36463aac3a096799e876ee55e5cdccb102590",
                "sha256:dce83f2d9b4e1f732a8cd44af8e8fab2dbe46201467fc98b3ef8f269092bf62b"
            ],
            "version": "==5.3.1"
        },
        "certifi": {
            "hashes": [
                "sha256:539cc1d13202e33ca466e88b2807e29f4c13049d6d87031a3c110744495cb082",
                "sha256:92d6037539857d8206b8f6ae472e8b77db8058fec5937a1ef3f54304089edbb9"
            ],
            "markers": "python_version >= '3.6'",
            "version": "==2023.7.22"
        },
        "charset-normalizer": {
            "hashes": [
                "sha256:04e57ab9fbf9607b77f7d057974694b4f6b142da9ed4a199859d9d4d5c63fe96",
                "sha256:09393e1b2a9461950b1c9a45d5fd251dc7c6f228acab64da1c9c0165d9c7765c",
                "sha256:0b87549028f680ca955556e3bd57013ab47474c3124dc069faa0b6545b6c9710",
                "sha256:1000fba1057b92a65daec275aec30586c3de2401ccdcd41f8a5c1e2c87078706",
                "sha256:1249cbbf3d3b04902ff081ffbb33ce3377fa6e4c7356f759f3cd076cc138d020",
                "sha256:1920d4ff15ce893210c1f0c0e9d19bfbecb7983c76b33f046c13a8ffbd570252",
                "sha256:193cbc708ea3aca45e7221ae58f0fd63f933753a9bfb498a3b474878f12caaad",
                "sha256:1a100c6d595a7f316f1b6f01d20815d916e75ff98c27a01ae817439ea7726329",
                "sha256:1f30b48dd7fa1474554b0b0f3fdfdd4c13b5c737a3c6284d3cdc424ec0ffff3a",
                "sha256:203f0c8871d5a7987be20c72442488a0b8cfd0f43b7973771640fc593f56321f",
                "sha256:246de67b99b6851627d945db38147d1b209a899311b1305dd84916f2b88526c6",
                "sha256:2dee8e57f052ef5353cf608e0b4c871aee320dd1b87d351c28764fc0ca55f9f4",
                "sha256:2efb1bd13885392adfda4614c33d3b68dee4921fd0ac1d3988f8cbb7d589e72a",
                "sha256:2f4ac36d8e2b4cc1aa71df3dd84ff8efbe3bfb97ac41242fbcfc053c67434f46",
                "sha256:3170c9399da12c9dc66366e9d14da8bf7147e1e9d9ea566067bbce7bb74bd9c2",
                "sha256:3b1613dd5aee995ec6d4c69f00378bbd07614702a315a2cf6c1d21461fe17c23",
                "sha256:3bb3d25a8e6c0aedd251753a79ae98a093c7e7b471faa3aa9a93a81431987ace",
                "sha256:3bb7fda7260735efe66d5107fb7e6af6a7c04c7fce9b2514e04b7a74b06bf5dd",
                "sha256:41b25eaa7d15909cf3ac4c96088c1f266a9a93ec44f87f1d13d4a0e86c81b982",
                "sha256:45de3f87179c1823e6d9e32156fb14c1927fcc9aba21433f088fdfb555b77c10",
                "sha256:46fb8c61d794b78ec7134a715a3e564aafc8f6b5e338417cb19fe9f57a5a9bf2",
                "sha256:48021783bdf96e3d6de03a6e39a1171ed5bd7e8bb93fc84cc649d11490f87cea",
                "sha256:4957669ef390f0e6719db3613ab3a7631e68424604a7b448f079bee145da6e09",
                "sha256:5e86d77b090dbddbe78867a0275cb4df08ea195e660f1f7f13435a4649e954e5",
                "sha256:6339d047dab2780cc6220f46306628e04d9750f02f983ddb37439ca47ced7149",
                "sha256:681eb3d7e02e3c3655d1b16059fbfb605ac464c834a0c629048a30fad2b27489",
                "sha256:6c409c0deba34f147f77efaa67b8e4bb83d2f11c8806405f76397ae5b8c0d1c9",
                "sha256:7095f6fbfaa55defb6b733cfeb14efaae7a29f0b59d8cf213be4e7ca0b857b80",
                "sha256:70c610f6cbe4b9fce272c407dd9d07e33e6bf7b4aa1b7ffb6f6ded8e634e3592",
                "sha256:72814c01533f51d68702802d74f77ea026b5ec52793c791e2da806a3844a46c3",
                "sha256:7a4826ad2bd6b07ca615c74ab91f32f6c96d08f6fcc3902ceeedaec8cdc3bcd6",
                "sha256:7c70087bfee18a42b4040bb9ec1ca15a08242cf5867c58726530bdf3945672ed",
                "sha256:855eafa5d5a2034b4621c74925d89c5efef61418570e5ef9b37717d9c796419c",
                "sha256:8700f06d0ce6f128de3ccdbc1acaea1ee264d2caa9ca05daaf492fde7c2a7200",
                "sha256:89f1b185a01fe560bc8ae5f619e924407efca2191b56ce749ec84982fc59a32a",
                "sha256:8b2c760cfc7042b27ebdb4a43a4453bd829a5742503599144d54a032c5dc7e9e",
                "sha256:8c2f5e83493748286002f9369f3e6607c565a6a90425a3a1fef5ae32a36d749d",
                "sha256:8e098148dd37b4ce3baca71fb394c81dc5d9c7728c95df695d2dca218edf40e6",
                "sha256:94aea8eff76ee6d1cdacb07dd2123a68283cb5569e0250feab1240058f53b623",
                "sha256:95eb302ff792e12aba9a8b8f8474ab229a83c103d74a750ec0bd1c1eea32e669",
                "sha256:9bd9b3b31adcb054116447ea22caa61a285d92e94d710aa5ec97992ff5eb7cf3",
                "sha256:9e608aafdb55eb9f255034709e20d5a83b6d60c054df0802fa9c9883d0a937aa",
                "sha256:a103b3a7069b62f5d4890ae1b8f0597618f628b286b03d4bc9195230b154bfa9",
                "sha256:a386ebe437176aab38c041de1260cd3ea459c6ce5263594399880bbc398225b2",
                "sha256:a38856a971c602f98472050165cea2cdc97709240373041b69030be15047691f",
                "sha256:a401b4598e5d3f4a9a811f3daf42ee2291790c7f9d74b18d75d6e21dda98a1a1",
                "sha256:a7647ebdfb9682b7bb97e2a5e7cb6ae735b1c25008a70b906aecca294ee96cf4",
                "sha256:aaf63899c94de41fe3cf934601b0f7ccb6b428c6e4eeb80da72c58eab077b19a",
                "sha256:b0dac0ff919ba34d4df1b6131f59ce95b08b9065233446be7e459f95554c0dc8",
                "sha256:baacc6aee0b2ef6f3d308e197b5d7a81c0e70b06beae1f1fcacffdbd124fe0e3",
                "sha256:bf420121d4c8dce6b889f0e8e4ec0ca34b7f40186203f06a946fa0276ba54029",
                "sha256:c04a46716adde8d927adb9457bbe39cf473e1e2c2f5d0a16ceb837e5d841ad4f",
                "sha256:c0b21078a4b56965e2b12f247467b234734491897e99c1d51cee628da9786959",
                "sha256:c1c76a1743432b4b60ab3358c937a3fe1341c828ae6194108a94c69028247f22",
                "sha256:c4983bf937209c57240cff65906b18bb35e64ae872da6a0db937d7b4af845dd7",
                "sha256:c4fb39a81950ec280984b3a44f5bd12819953dc5fa3a7e6fa7a80db5ee853952",
                "sha256:c57921cda3a80d0f2b8aec7e25c8aa14479ea92b5b51b6876d975d925a2ea346",
                "sha256:c8063cf17b19661471ecbdb3df1c84f24ad2e389e326ccaf89e3fb2484d8dd7e",
                "sha256:ccd16eb18a849fd8dcb23e23380e2f0a354e8daa0c984b8a732d9cfaba3a776d",
                "sha256:cd6dbe0238f7743d0efe563ab46294f54f9bc8f4b9bcf57c3c666cc5bc9d1299",
                "sha256:d62e51710986674142526ab9f78663ca2b0726066ae26b78b22e0f5e571238dd",
                "sha256:db901e2ac34c931d73054d9797383d0f8009991e723dab15109740a63e7f902a",
                "sha256:e03b8895a6990c9ab2cdcd0f2fe44088ca1c65ae592b8f795c3294af00a461c3",
                "sha256:e1c8a2f4c69e08e89632defbfabec2feb8a8d99edc9f89ce33c4b9e36ab63037",
                "sha256:e4b749b9cc6ee664a3300bb3a273c1ca8068c46be705b6c31cf5d276f8628a94",
                "sha256:e6a5bf2cba5ae1bb80b154ed68a3cfa2fa00fde979a7f50d6598d3e17d9ac20c",
                "sha256:e857a2232ba53ae940d3456f7533ce6ca98b81917d47adc3c7fd55dad8fab858",
                "sha256:ee4006268ed33370957f55bf2e6f4d263eaf4dc3cfc473d1d90baff6ed36ce4a",
                "sha256:eef9df1eefada2c09a5e7a40991b9fc6ac6ef20b1372abd48d2794a316dc0449",
                "sha256:f058f6963fd82eb143c692cecdc89e075fa0828db2e5b291070485390b2f1c9c",
                "sha256:f25c229a6ba38a35ae6e25ca1264621cc25d4d38dca2942a7fce0b67a4efe918",
                "sha256:f2a1d0fd4242bd8643ce6f98927cf9c04540af6efa92323e9d3124f57727bfc1",
                "sha256:f7560358a6811e52e9c4d142d497f1a6e10103d3a6881f18d04dbce3729c0e2c",
                "sha256:f779d3ad205f108d14e99bb3859aa7dd8e9c68874617c72354d7ecaec2a054ac",
                "sha256:f87f746ee241d30d6ed93969de31e5ffd09a2961a051e60ae6bddde9ec3583aa"
            ],
            "markers": "python_full_version >= '3.7.0'",
            "version": "==3.2.0"
        },
        "exceptiongroup": {
            "hashes": [
                "sha256:12c3e887d6485d16943a309616de20ae5582633e0a2eda17f4e10fd61c1e8af5",
                "sha256:e346e69d186172ca7cf029c8c1d16235aa0e04035e5750b4b95039e65204328f"
            ],
            "markers": "python_version < '3.11'",
            "version": "==1.1.2"
        },
        "h11": {
            "hashes": [
                "sha256:8f19fbbe99e72420ff35c00b27a34cb9937e902a8b810e2c88300c6f0a3b699d",
                "sha256:e3fe4ac4b851c468cc8363d500db52c2ead036020723024a109d37346efaa761"
            ],
            "markers": "python_version >= '3.7'",
            "version": "==0.14.0"
        },
        "httpcore": {
            "hashes": [
                "sha256:a6f30213335e34c1ade7be6ec7c47f19f50c56db36abef1a9dfa3815b1cb3888",
                "sha256:c2789b767ddddfa2a5782e3199b2b7f6894540b17b16ec26b2c4d8e103510b87"
            ],
            "markers": "python_version >= '3.7'",
            "version": "==0.17.3"
        },
        "httpx": {
            "hashes": [
                "sha256:06781eb9ac53cde990577af654bd990a4949de37a28bdb4a230d434f3a30b9bd",
                "sha256:5853a43053df830c20f8110c5e69fe44d035d850b2dfe795e196f00fdb774bdd"
            ],
            "markers": "python_version >= '3.7'",
            "version": "==0.24.1"
        },
        "humanize": {
            "hashes": [
                "sha256:7ca0e43e870981fa684acb5b062deb307218193bca1a01f2b2676479df849b3a",
                "sha256:df7c429c2d27372b249d3f26eb53b07b166b661326e0325793e0a988082e3889"
            ],
            "index": "pypi",
            "version": "==4.7.0"
        },
        "idna": {
            "hashes": [
                "sha256:814f528e8dead7d329833b91c5faa87d60bf71824cd12a7530b5526063d02cb4",
                "sha256:90b77e79eaa3eba6de819a0c442c0b4ceefc341a7a2ab77d7562bf49f425c5c2"
            ],
            "markers": "python_version >= '3.5'",
            "version": "==3.4"
        },
        "python-dateutil": {
            "hashes": [
                "sha256:0123cacc1627ae19ddf3c27a5de5bd67ee4586fbdd6440d9748f8abb483d3e86",
                "sha256:961d03dc3453ebbc59dbdea9e4e11c5651520a876d0f4db161e8674aae935da9"
            ],
            "index": "pypi",
            "version": "==2.8.2"
        },
        "python-telegram-bot": {
            "hashes": [
                "sha256:a6ac3f9c9674aaf7d1c7e652d8b75cde969fb872f75e9521b8516eceaba82b1b",
                "sha256:e426404b0006989a5bcc05e11a7ef3ffe0c086b684a4e963db5bda1d361a049a"
            ],
            "index": "pypi",
            "version": "==20.4"
        },
        "pytz": {
            "hashes": [
                "sha256:1d8ce29db189191fb55338ee6d0387d82ab59f3d00eac103412d64e0ebd0c588",
                "sha256:a151b3abb88eda1d4e34a9814df37de2a80e301e68ba0fd856fb9b46bfbbbffb"
            ],
            "version": "==2023.3"
        },
        "requests": {
            "hashes": [
                "sha256:58cd2187c01e70e6e26505bca751777aa9f2ee0b7f4300988b709f44e013003f",
                "sha256:942c5a758f98d790eaed1a29cb6eefc7ffb0d1cf7af05c3d2791656dbd6ad1e1"
            ],
            "index": "pypi",
            "version": "==2.31.0"
        },
        "setuptools": {
            "hashes": [
                "sha256:11e52c67415a381d10d6b462ced9cfb97066179f0e871399e006c4ab101fc85f",
                "sha256:baf1fdb41c6da4cd2eae722e135500da913332ab3f2f5c7d33af9b492acb5235"
            ],
            "markers": "python_version >= '3.7'",
            "version": "==68.0.0"
        },
        "six": {
            "hashes": [
                "sha256:1e61c37477a1626458e36f7b1d82aa5c9b094fa4802892072e49de9c60c4c926",
                "sha256:8abb2f1d86890a2dfb989f9a77cfcfd3e47c2a354b01111771326f8aa26e0254"
            ],
            "markers": "python_version >= '2.7' and python_version not in '3.0, 3.1, 3.2, 3.3'",
            "version": "==1.16.0"
        },
        "sniffio": {
            "hashes": [
                "sha256:e60305c5e5d314f5389259b7f22aaa33d8f7dee49763119234af3755c55b9101",
                "sha256:eecefdce1e5bbfb7ad2eeaabf7c1eeb404d7757c379bd1f7e5cce9d8bf425384"
            ],
            "markers": "python_version >= '3.7'",
            "version": "==1.3.0"
        },
        "sqlalchemy": {
            "hashes": [
                "sha256:024d2f67fb3ec697555e48caeb7147cfe2c08065a4f1a52d93c3d44fc8e6ad1c",
                "sha256:0bf0fd65b50a330261ec7fe3d091dfc1c577483c96a9fa1e4323e932961aa1b5",
                "sha256:16a310f5bc75a5b2ce7cb656d0e76eb13440b8354f927ff15cbaddd2523ee2d1",
                "sha256:1d90ccc15ba1baa345796a8fb1965223ca7ded2d235ccbef80a47b85cea2d71a",
                "sha256:22bafb1da60c24514c141a7ff852b52f9f573fb933b1e6b5263f0daa28ce6db9",
                "sha256:2c69ce70047b801d2aba3e5ff3cba32014558966109fecab0c39d16c18510f15",
                "sha256:2e7b69d9ced4b53310a87117824b23c509c6fc1f692aa7272d47561347e133b6",
                "sha256:314145c1389b021a9ad5aa3a18bac6f5d939f9087d7fc5443be28cba19d2c972",
                "sha256:3afa8a21a9046917b3a12ffe016ba7ebe7a55a6fc0c7d950beb303c735c3c3ad",
                "sha256:430614f18443b58ceb9dedec323ecddc0abb2b34e79d03503b5a7579cd73a531",
                "sha256:43699eb3f80920cc39a380c159ae21c8a8924fe071bccb68fc509e099420b148",
                "sha256:539010665c90e60c4a1650afe4ab49ca100c74e6aef882466f1de6471d414be7",
                "sha256:57d100a421d9ab4874f51285c059003292433c648df6abe6c9c904e5bd5b0828",
                "sha256:5831138f0cc06b43edf5f99541c64adf0ab0d41f9a4471fd63b54ae18399e4de",
                "sha256:584f66e5e1979a7a00f4935015840be627e31ca29ad13f49a6e51e97a3fb8cae",
                "sha256:5d6afc41ca0ecf373366fd8e10aee2797128d3ae45eb8467b19da4899bcd1ee0",
                "sha256:61ada5831db36d897e28eb95f0f81814525e0d7927fb51145526c4e63174920b",
                "sha256:6b54d1ad7a162857bb7c8ef689049c7cd9eae2f38864fc096d62ae10bc100c7d",
                "sha256:7351c05db355da112e056a7b731253cbeffab9dfdb3be1e895368513c7d70106",
                "sha256:77a14fa20264af73ddcdb1e2b9c5a829b8cc6b8304d0f093271980e36c200a3f",
                "sha256:851a37898a8a39783aab603c7348eb5b20d83c76a14766a43f56e6ad422d1ec8",
                "sha256:89bc2b374ebee1a02fd2eae6fd0570b5ad897ee514e0f84c5c137c942772aa0c",
                "sha256:8e712cfd2e07b801bc6b60fdf64853bc2bd0af33ca8fa46166a23fe11ce0dbb0",
                "sha256:8f9eb4575bfa5afc4b066528302bf12083da3175f71b64a43a7c0badda2be365",
                "sha256:8fc05b59142445a4efb9c1fd75c334b431d35c304b0e33f4fa0ff1ea4890f92e",
                "sha256:96f0463573469579d32ad0c91929548d78314ef95c210a8115346271beeeaaa2",
                "sha256:9deaae357edc2091a9ed5d25e9ee8bba98bcfae454b3911adeaf159c2e9ca9e3",
                "sha256:a752b7a9aceb0ba173955d4f780c64ee15a1a991f1c52d307d6215c6c73b3a4c",
                "sha256:ae7473a67cd82a41decfea58c0eac581209a0aa30f8bc9190926fbf628bb17f7",
                "sha256:b15afbf5aa76f2241184c1d3b61af1a72ba31ce4161013d7cb5c4c2fca04fd6e",
                "sha256:c896d4e6ab2eba2afa1d56be3d0b936c56d4666e789bfc59d6ae76e9fcf46145",
                "sha256:cb4e688f6784427e5f9479d1a13617f573de8f7d4aa713ba82813bcd16e259d1",
                "sha256:cda283700c984e699e8ef0fcc5c61f00c9d14b6f65a4f2767c97242513fcdd84",
                "sha256:cf7b5e3856cbf1876da4e9d9715546fa26b6e0ba1a682d5ed2fc3ca4c7c3ec5b",
                "sha256:d6894708eeb81f6d8193e996257223b6bb4041cb05a17cd5cf373ed836ef87a2",
                "sha256:d8f2afd1aafded7362b397581772c670f20ea84d0a780b93a1a1529da7c3d369",
                "sha256:dd4d410a76c3762511ae075d50f379ae09551d92525aa5bb307f8343bf7c2c12",
                "sha256:eb60699de43ba1a1f77363f563bb2c652f7748127ba3a774f7cf2c7804aa0d3d",
                "sha256:f469f15068cd8351826df4080ffe4cc6377c5bf7d29b5a07b0e717dddb4c7ea2",
                "sha256:f82c310ddf97b04e1392c33cf9a70909e0ae10a7e2ddc1d64495e3abdc5d19fb",
                "sha256:fa51ce4aea583b0c6b426f4b0563d3535c1c75986c4373a0987d84d22376585b"
            ],
            "index": "pypi",
            "version": "==2.0.19"
        },
        "typing-extensions": {
            "hashes": [
                "sha256:440d5dd3af93b060174bf433bccd69b0babc3b15b1a8dca43789fd7f61514b36",
                "sha256:b75ddc264f0ba5615db7ba217daeb99701ad295353c45f9e95963337ceeeffb2"
            ],
            "markers": "python_version >= '3.7'",
            "version": "==4.7.1"
        },
        "tzlocal": {
            "hashes": [
                "sha256:46eb99ad4bdb71f3f72b7d24f4267753e240944ecfc16f25d2719ba89827a803",
                "sha256:f3596e180296aaf2dbd97d124fe76ae3a0e3d32b258447de7b939b3fd4be992f"
            ],
            "markers": "python_version >= '3.7'",
            "version": "==5.0.1"
        },
        "urllib3": {
            "hashes": [
                "sha256:8d22f86aae8ef5e410d4f539fde9ce6b2113a001bb4d189e0aed70642d602b11",
                "sha256:de7df1803967d2c2a98e4b11bb7d6bd9210474c46e8a0401514e3a42a75ebde4"
            ],
            "markers": "python_version >= '3.7'",
            "version": "==2.0.4"
        }
    },
    "develop": {}
}
